// !$*UTF8*$!
{
	archiveVersion = 1;
	classes = {
	};
	objectVersion = 51;
	objects = {

/* Begin PBXBuildFile section */
		5495B88D666CC47913A9C4A8 /* Pods_APIGitHubCallTests.framework in Frameworks */ = {isa = PBXBuildFile; fileRef = 609EAE597C600462AAA3A25B /* Pods_APIGitHubCallTests.framework */; };
		7153AA6123552A950074F753 /* HomeViewControllerSpec.swift in Sources */ = {isa = PBXBuildFile; fileRef = 7153AA6023552A950074F753 /* HomeViewControllerSpec.swift */; };
		71685D70234D1F6B00E5EC05 /* AppDelegate.swift in Sources */ = {isa = PBXBuildFile; fileRef = 71685D6F234D1F6B00E5EC05 /* AppDelegate.swift */; };
		71685D79234D1F6F00E5EC05 /* Assets.xcassets in Resources */ = {isa = PBXBuildFile; fileRef = 71685D78234D1F6F00E5EC05 /* Assets.xcassets */; };
		71685D7C234D1F6F00E5EC05 /* LaunchScreen.storyboard in Resources */ = {isa = PBXBuildFile; fileRef = 71685D7A234D1F6F00E5EC05 /* LaunchScreen.storyboard */; };
		71685D97234D205100E5EC05 /* HomeViewController.swift in Sources */ = {isa = PBXBuildFile; fileRef = 71685D96234D205100E5EC05 /* HomeViewController.swift */; };
		71685D9A234D206F00E5EC05 /* ReposTableViewController.swift in Sources */ = {isa = PBXBuildFile; fileRef = 71685D99234D206F00E5EC05 /* ReposTableViewController.swift */; };
		71685D9D234D211700E5EC05 /* Coordinator.swift in Sources */ = {isa = PBXBuildFile; fileRef = 71685D9C234D211700E5EC05 /* Coordinator.swift */; };
		71685DA0234D214400E5EC05 /* Extentions.swift in Sources */ = {isa = PBXBuildFile; fileRef = 71685D9F234D214400E5EC05 /* Extentions.swift */; };
		71685DA3234D215400E5EC05 /* SizeHandler.swift in Sources */ = {isa = PBXBuildFile; fileRef = 71685DA2234D215400E5EC05 /* SizeHandler.swift */; };
		71685DA7234D264200E5EC05 /* ApplicationCoordinator.swift in Sources */ = {isa = PBXBuildFile; fileRef = 71685DA6234D264200E5EC05 /* ApplicationCoordinator.swift */; };
		71685DAA234D276600E5EC05 /* LocalizableConstants.swift in Sources */ = {isa = PBXBuildFile; fileRef = 71685DA9234D276600E5EC05 /* LocalizableConstants.swift */; };
		71685DAD234D2C9800E5EC05 /* GitRepoTableViewCell.swift in Sources */ = {isa = PBXBuildFile; fileRef = 71685DAC234D2C9800E5EC05 /* GitRepoTableViewCell.swift */; };
		71685DB0234D2CCD00E5EC05 /* GitButton.swift in Sources */ = {isa = PBXBuildFile; fileRef = 71685DAF234D2CCC00E5EC05 /* GitButton.swift */; };
		71685DB6234D2DF900E5EC05 /* HomeCoordinator.swift in Sources */ = {isa = PBXBuildFile; fileRef = 71685DB5234D2DF900E5EC05 /* HomeCoordinator.swift */; };
		71685DB8234D2E4F00E5EC05 /* Localizable.strings in Resources */ = {isa = PBXBuildFile; fileRef = 71685DBB234D2E4F00E5EC05 /* Localizable.strings */; };
		71685DBD234D2FBD00E5EC05 /* VisualFormat.swift in Sources */ = {isa = PBXBuildFile; fileRef = 71685DBC234D2FBD00E5EC05 /* VisualFormat.swift */; };
		71685DC0234D39A500E5EC05 /* SceneDelegate.swift in Sources */ = {isa = PBXBuildFile; fileRef = 71685DBF234D39A500E5EC05 /* SceneDelegate.swift */; };
		71685DC3234D47A500E5EC05 /* RepoCoordinator.swift in Sources */ = {isa = PBXBuildFile; fileRef = 71685DC2234D47A500E5EC05 /* RepoCoordinator.swift */; };
		71685DC6234D4A4400E5EC05 /* ServiceModel.swift in Sources */ = {isa = PBXBuildFile; fileRef = 71685DC5234D4A4400E5EC05 /* ServiceModel.swift */; };
		71685DC9234E5C9800E5EC05 /* JsonParseUtil.swift in Sources */ = {isa = PBXBuildFile; fileRef = 71685DC8234E5C9800E5EC05 /* JsonParseUtil.swift */; };
		71685DCC234E67F000E5EC05 /* PaginableTableView.swift in Sources */ = {isa = PBXBuildFile; fileRef = 71685DCB234E67F000E5EC05 /* PaginableTableView.swift */; };
		71698F2B23553ABA00885FA5 /* ReposTableViewControllerSpec.swift in Sources */ = {isa = PBXBuildFile; fileRef = 71698F2A23553ABA00885FA5 /* ReposTableViewControllerSpec.swift */; };
		71698F2D2355560400885FA5 /* CoordinatorSpec.swift in Sources */ = {isa = PBXBuildFile; fileRef = 71698F2C2355560400885FA5 /* CoordinatorSpec.swift */; };
		71D30465235291C700BE88A1 /* RefreshingTableViewCell.swift in Sources */ = {isa = PBXBuildFile; fileRef = 71D30464235291C700BE88A1 /* RefreshingTableViewCell.swift */; };
		71D304932353A57E00BE88A1 /* APIGitHubCallTests.swift in Sources */ = {isa = PBXBuildFile; fileRef = 71D304922353A57E00BE88A1 /* APIGitHubCallTests.swift */; };
		71E62369234EAAF400DEA8A9 /* Repositorie.swift in Sources */ = {isa = PBXBuildFile; fileRef = 71E62368234EAAF400DEA8A9 /* Repositorie.swift */; };
		F513C4B25635B93343A383D7 /* Pods_APIGitHubCall.framework in Frameworks */ = {isa = PBXBuildFile; fileRef = 716CD621E714CCD89D0357DE /* Pods_APIGitHubCall.framework */; };
/* End PBXBuildFile section */

/* Begin PBXContainerItemProxy section */
		71D304952353A57E00BE88A1 /* PBXContainerItemProxy */ = {
			isa = PBXContainerItemProxy;
			containerPortal = 71685D64234D1F6B00E5EC05 /* Project object */;
			proxyType = 1;
			remoteGlobalIDString = 71685D6B234D1F6B00E5EC05;
			remoteInfo = APIGitHubCall;
		};
/* End PBXContainerItemProxy section */

/* Begin PBXFileReference section */
		609EAE597C600462AAA3A25B /* Pods_APIGitHubCallTests.framework */ = {isa = PBXFileReference; explicitFileType = wrapper.framework; includeInIndex = 0; path = Pods_APIGitHubCallTests.framework; sourceTree = BUILT_PRODUCTS_DIR; };
		7153AA6023552A950074F753 /* HomeViewControllerSpec.swift */ = {isa = PBXFileReference; lastKnownFileType = sourcecode.swift; path = HomeViewControllerSpec.swift; sourceTree = "<group>"; };
		71685D6C234D1F6B00E5EC05 /* APIGitHubCall.app */ = {isa = PBXFileReference; explicitFileType = wrapper.application; includeInIndex = 0; path = APIGitHubCall.app; sourceTree = BUILT_PRODUCTS_DIR; };
		71685D6F234D1F6B00E5EC05 /* AppDelegate.swift */ = {isa = PBXFileReference; lastKnownFileType = sourcecode.swift; path = AppDelegate.swift; sourceTree = "<group>"; };
		71685D78234D1F6F00E5EC05 /* Assets.xcassets */ = {isa = PBXFileReference; lastKnownFileType = folder.assetcatalog; path = Assets.xcassets; sourceTree = "<group>"; };
		71685D7B234D1F6F00E5EC05 /* Base */ = {isa = PBXFileReference; lastKnownFileType = file.storyboard; name = Base; path = Base.lproj/LaunchScreen.storyboard; sourceTree = "<group>"; };
		71685D7D234D1F6F00E5EC05 /* Info.plist */ = {isa = PBXFileReference; lastKnownFileType = text.plist.xml; path = Info.plist; sourceTree = "<group>"; };
		71685D96234D205100E5EC05 /* HomeViewController.swift */ = {isa = PBXFileReference; lastKnownFileType = sourcecode.swift; path = HomeViewController.swift; sourceTree = "<group>"; };
		71685D99234D206F00E5EC05 /* ReposTableViewController.swift */ = {isa = PBXFileReference; lastKnownFileType = sourcecode.swift; path = ReposTableViewController.swift; sourceTree = "<group>"; };
		71685D9C234D211700E5EC05 /* Coordinator.swift */ = {isa = PBXFileReference; lastKnownFileType = sourcecode.swift; path = Coordinator.swift; sourceTree = "<group>"; };
		71685D9F234D214400E5EC05 /* Extentions.swift */ = {isa = PBXFileReference; lastKnownFileType = sourcecode.swift; path = Extentions.swift; sourceTree = "<group>"; };
		71685DA2234D215400E5EC05 /* SizeHandler.swift */ = {isa = PBXFileReference; lastKnownFileType = sourcecode.swift; path = SizeHandler.swift; sourceTree = "<group>"; };
		71685DA6234D264200E5EC05 /* ApplicationCoordinator.swift */ = {isa = PBXFileReference; lastKnownFileType = sourcecode.swift; path = ApplicationCoordinator.swift; sourceTree = "<group>"; };
		71685DA9234D276600E5EC05 /* LocalizableConstants.swift */ = {isa = PBXFileReference; lastKnownFileType = sourcecode.swift; path = LocalizableConstants.swift; sourceTree = "<group>"; };
		71685DAC234D2C9800E5EC05 /* GitRepoTableViewCell.swift */ = {isa = PBXFileReference; lastKnownFileType = sourcecode.swift; path = GitRepoTableViewCell.swift; sourceTree = "<group>"; };
		71685DAF234D2CCC00E5EC05 /* GitButton.swift */ = {isa = PBXFileReference; lastKnownFileType = sourcecode.swift; path = GitButton.swift; sourceTree = "<group>"; };
		71685DB5234D2DF900E5EC05 /* HomeCoordinator.swift */ = {isa = PBXFileReference; lastKnownFileType = sourcecode.swift; path = HomeCoordinator.swift; sourceTree = "<group>"; };
		71685DBA234D2E4F00E5EC05 /* en */ = {isa = PBXFileReference; lastKnownFileType = text.plist.strings; name = en; path = en.lproj/Localizable.strings; sourceTree = "<group>"; };
		71685DBC234D2FBD00E5EC05 /* VisualFormat.swift */ = {isa = PBXFileReference; lastKnownFileType = sourcecode.swift; path = VisualFormat.swift; sourceTree = "<group>"; };
		71685DBF234D39A500E5EC05 /* SceneDelegate.swift */ = {isa = PBXFileReference; fileEncoding = 4; lastKnownFileType = sourcecode.swift; path = SceneDelegate.swift; sourceTree = "<group>"; };
		71685DC2234D47A500E5EC05 /* RepoCoordinator.swift */ = {isa = PBXFileReference; lastKnownFileType = sourcecode.swift; path = RepoCoordinator.swift; sourceTree = "<group>"; };
		71685DC5234D4A4400E5EC05 /* ServiceModel.swift */ = {isa = PBXFileReference; lastKnownFileType = sourcecode.swift; path = ServiceModel.swift; sourceTree = "<group>"; };
		71685DC8234E5C9800E5EC05 /* JsonParseUtil.swift */ = {isa = PBXFileReference; lastKnownFileType = sourcecode.swift; path = JsonParseUtil.swift; sourceTree = "<group>"; };
		71685DCB234E67F000E5EC05 /* PaginableTableView.swift */ = {isa = PBXFileReference; lastKnownFileType = sourcecode.swift; path = PaginableTableView.swift; sourceTree = "<group>"; };
		71698F2A23553ABA00885FA5 /* ReposTableViewControllerSpec.swift */ = {isa = PBXFileReference; lastKnownFileType = sourcecode.swift; path = ReposTableViewControllerSpec.swift; sourceTree = "<group>"; };
		71698F2C2355560400885FA5 /* CoordinatorSpec.swift */ = {isa = PBXFileReference; lastKnownFileType = sourcecode.swift; path = CoordinatorSpec.swift; sourceTree = "<group>"; };
		71698F2E2356497900885FA5 /* es */ = {isa = PBXFileReference; lastKnownFileType = text.plist.strings; name = es; path = es.lproj/LaunchScreen.strings; sourceTree = "<group>"; };
		71698F2F2356497900885FA5 /* es */ = {isa = PBXFileReference; lastKnownFileType = text.plist.strings; name = es; path = es.lproj/Localizable.strings; sourceTree = "<group>"; };
		71698F30235650C700885FA5 /* de */ = {isa = PBXFileReference; lastKnownFileType = text.plist.strings; name = de; path = de.lproj/LaunchScreen.strings; sourceTree = "<group>"; };
		71698F31235650C700885FA5 /* de */ = {isa = PBXFileReference; lastKnownFileType = text.plist.strings; name = de; path = de.lproj/Localizable.strings; sourceTree = "<group>"; };
		716CD621E714CCD89D0357DE /* Pods_APIGitHubCall.framework */ = {isa = PBXFileReference; explicitFileType = wrapper.framework; includeInIndex = 0; path = Pods_APIGitHubCall.framework; sourceTree = BUILT_PRODUCTS_DIR; };
		71D30464235291C700BE88A1 /* RefreshingTableViewCell.swift */ = {isa = PBXFileReference; lastKnownFileType = sourcecode.swift; path = RefreshingTableViewCell.swift; sourceTree = "<group>"; };
		71D304662352A1DF00BE88A1 /* pt-BR */ = {isa = PBXFileReference; lastKnownFileType = text.plist.strings; name = "pt-BR"; path = "pt-BR.lproj/LaunchScreen.strings"; sourceTree = "<group>"; };
		71D304672352A1DF00BE88A1 /* pt-BR */ = {isa = PBXFileReference; lastKnownFileType = text.plist.strings; name = "pt-BR"; path = "pt-BR.lproj/Localizable.strings"; sourceTree = "<group>"; };
		71D304902353A57E00BE88A1 /* APIGitHubCallTests.xctest */ = {isa = PBXFileReference; explicitFileType = wrapper.cfbundle; includeInIndex = 0; path = APIGitHubCallTests.xctest; sourceTree = BUILT_PRODUCTS_DIR; };
		71D304922353A57E00BE88A1 /* APIGitHubCallTests.swift */ = {isa = PBXFileReference; lastKnownFileType = sourcecode.swift; path = APIGitHubCallTests.swift; sourceTree = "<group>"; };
		71D304942353A57E00BE88A1 /* Info.plist */ = {isa = PBXFileReference; lastKnownFileType = text.plist.xml; path = Info.plist; sourceTree = "<group>"; };
		71E62368234EAAF400DEA8A9 /* Repositorie.swift */ = {isa = PBXFileReference; lastKnownFileType = sourcecode.swift; path = Repositorie.swift; sourceTree = "<group>"; };
		D467B8A6C23A91A0F3D5D39E /* Pods-APIGitHubCallTests.release.xcconfig */ = {isa = PBXFileReference; includeInIndex = 1; lastKnownFileType = text.xcconfig; name = "Pods-APIGitHubCallTests.release.xcconfig"; path = "Target Support Files/Pods-APIGitHubCallTests/Pods-APIGitHubCallTests.release.xcconfig"; sourceTree = "<group>"; };
		E02DCAA81BED7F12748BB898 /* Pods-APIGitHubCallTests.debug.xcconfig */ = {isa = PBXFileReference; includeInIndex = 1; lastKnownFileType = text.xcconfig; name = "Pods-APIGitHubCallTests.debug.xcconfig"; path = "Target Support Files/Pods-APIGitHubCallTests/Pods-APIGitHubCallTests.debug.xcconfig"; sourceTree = "<group>"; };
		EBBC46430E79C7A2A7B057BC /* Pods-APIGitHubCall.release.xcconfig */ = {isa = PBXFileReference; includeInIndex = 1; lastKnownFileType = text.xcconfig; name = "Pods-APIGitHubCall.release.xcconfig"; path = "Target Support Files/Pods-APIGitHubCall/Pods-APIGitHubCall.release.xcconfig"; sourceTree = "<group>"; };
		F0C6C9CB9004262B95CFCE29 /* Pods-APIGitHubCall.debug.xcconfig */ = {isa = PBXFileReference; includeInIndex = 1; lastKnownFileType = text.xcconfig; name = "Pods-APIGitHubCall.debug.xcconfig"; path = "Target Support Files/Pods-APIGitHubCall/Pods-APIGitHubCall.debug.xcconfig"; sourceTree = "<group>"; };
/* End PBXFileReference section */

/* Begin PBXFrameworksBuildPhase section */
		71685D69234D1F6B00E5EC05 /* Frameworks */ = {
			isa = PBXFrameworksBuildPhase;
			buildActionMask = 2147483647;
			files = (
				F513C4B25635B93343A383D7 /* Pods_APIGitHubCall.framework in Frameworks */,
			);
			runOnlyForDeploymentPostprocessing = 0;
		};
		71D3048D2353A57E00BE88A1 /* Frameworks */ = {
			isa = PBXFrameworksBuildPhase;
			buildActionMask = 2147483647;
			files = (
				5495B88D666CC47913A9C4A8 /* Pods_APIGitHubCallTests.framework in Frameworks */,
			);
			runOnlyForDeploymentPostprocessing = 0;
		};
/* End PBXFrameworksBuildPhase section */

/* Begin PBXGroup section */
		12AF42922A098D7F112A03B0 /* Pods */ = {
			isa = PBXGroup;
			children = (
				F0C6C9CB9004262B95CFCE29 /* Pods-APIGitHubCall.debug.xcconfig */,
				EBBC46430E79C7A2A7B057BC /* Pods-APIGitHubCall.release.xcconfig */,
				E02DCAA81BED7F12748BB898 /* Pods-APIGitHubCallTests.debug.xcconfig */,
				D467B8A6C23A91A0F3D5D39E /* Pods-APIGitHubCallTests.release.xcconfig */,
			);
			path = Pods;
			sourceTree = "<group>";
		};
		3F34E632EF5EEC1A82E0D156 /* Frameworks */ = {
			isa = PBXGroup;
			children = (
				716CD621E714CCD89D0357DE /* Pods_APIGitHubCall.framework */,
				609EAE597C600462AAA3A25B /* Pods_APIGitHubCallTests.framework */,
			);
			name = Frameworks;
			sourceTree = "<group>";
		};
		7153AA5F23552A6E0074F753 /* QuickSpec_Tests */ = {
			isa = PBXGroup;
			children = (
				7153AA6023552A950074F753 /* HomeViewControllerSpec.swift */,
				71698F2A23553ABA00885FA5 /* ReposTableViewControllerSpec.swift */,
				71698F2C2355560400885FA5 /* CoordinatorSpec.swift */,
			);
			path = QuickSpec_Tests;
			sourceTree = "<group>";
		};
		71685D63234D1F6B00E5EC05 = {
			isa = PBXGroup;
			children = (
				71685D6E234D1F6B00E5EC05 /* APIGitHubCall */,
				71D304912353A57E00BE88A1 /* APIGitHubCallTests */,
				71685D6D234D1F6B00E5EC05 /* Products */,
				12AF42922A098D7F112A03B0 /* Pods */,
				3F34E632EF5EEC1A82E0D156 /* Frameworks */,
			);
			sourceTree = "<group>";
		};
		71685D6D234D1F6B00E5EC05 /* Products */ = {
			isa = PBXGroup;
			children = (
				71685D6C234D1F6B00E5EC05 /* APIGitHubCall.app */,
				71D304902353A57E00BE88A1 /* APIGitHubCallTests.xctest */,
			);
			name = Products;
			sourceTree = "<group>";
		};
		71685D6E234D1F6B00E5EC05 /* APIGitHubCall */ = {
			isa = PBXGroup;
			children = (
				71685D94234D200500E5EC05 /* Coordinators */,
				71685D91234D1FCA00E5EC05 /* ViewControllers */,
				71685D95234D201D00E5EC05 /* Views */,
				71685D93234D1FEB00E5EC05 /* Models */,
				71685D92234D1FE100E5EC05 /* Utils */,
				71685DA5234D222700E5EC05 /* Localizable */,
				71685D6F234D1F6B00E5EC05 /* AppDelegate.swift */,
				71685DBF234D39A500E5EC05 /* SceneDelegate.swift */,
				71685D78234D1F6F00E5EC05 /* Assets.xcassets */,
				71685D7A234D1F6F00E5EC05 /* LaunchScreen.storyboard */,
				71685D7D234D1F6F00E5EC05 /* Info.plist */,
			);
			path = APIGitHubCall;
			sourceTree = "<group>";
		};
		71685D91234D1FCA00E5EC05 /* ViewControllers */ = {
			isa = PBXGroup;
			children = (
				71685D96234D205100E5EC05 /* HomeViewController.swift */,
				71685D99234D206F00E5EC05 /* ReposTableViewController.swift */,
			);
			path = ViewControllers;
			sourceTree = "<group>";
		};
		71685D92234D1FE100E5EC05 /* Utils */ = {
			isa = PBXGroup;
			children = (
				71685D9F234D214400E5EC05 /* Extentions.swift */,
				71685DA2234D215400E5EC05 /* SizeHandler.swift */,
				71685DBC234D2FBD00E5EC05 /* VisualFormat.swift */,
				71685DC8234E5C9800E5EC05 /* JsonParseUtil.swift */,
			);
			path = Utils;
			sourceTree = "<group>";
		};
		71685D93234D1FEB00E5EC05 /* Models */ = {
			isa = PBXGroup;
			children = (
				71685DC5234D4A4400E5EC05 /* ServiceModel.swift */,
				71E62368234EAAF400DEA8A9 /* Repositorie.swift */,
			);
			path = Models;
			sourceTree = "<group>";
		};
		71685D94234D200500E5EC05 /* Coordinators */ = {
			isa = PBXGroup;
			children = (
				71685D9C234D211700E5EC05 /* Coordinator.swift */,
				71685DA6234D264200E5EC05 /* ApplicationCoordinator.swift */,
				71685DB5234D2DF900E5EC05 /* HomeCoordinator.swift */,
				71685DC2234D47A500E5EC05 /* RepoCoordinator.swift */,
			);
			path = Coordinators;
			sourceTree = "<group>";
		};
		71685D95234D201D00E5EC05 /* Views */ = {
			isa = PBXGroup;
			children = (
				71D30464235291C700BE88A1 /* RefreshingTableViewCell.swift */,
				71685DAC234D2C9800E5EC05 /* GitRepoTableViewCell.swift */,
				71685DAF234D2CCC00E5EC05 /* GitButton.swift */,
				71685DCB234E67F000E5EC05 /* PaginableTableView.swift */,
			);
			path = Views;
			sourceTree = "<group>";
		};
		71685DA5234D222700E5EC05 /* Localizable */ = {
			isa = PBXGroup;
			children = (
				71685DA9234D276600E5EC05 /* LocalizableConstants.swift */,
				71685DBB234D2E4F00E5EC05 /* Localizable.strings */,
			);
			path = Localizable;
			sourceTree = "<group>";
		};
		71D304912353A57E00BE88A1 /* APIGitHubCallTests */ = {
			isa = PBXGroup;
			children = (
				7153AA5F23552A6E0074F753 /* QuickSpec_Tests */,
				71D304922353A57E00BE88A1 /* APIGitHubCallTests.swift */,
				71D304942353A57E00BE88A1 /* Info.plist */,
			);
			path = APIGitHubCallTests;
			sourceTree = "<group>";
		};
/* End PBXGroup section */

/* Begin PBXNativeTarget section */
		71685D6B234D1F6B00E5EC05 /* APIGitHubCall */ = {
			isa = PBXNativeTarget;
			buildConfigurationList = 71685D8B234D1F7000E5EC05 /* Build configuration list for PBXNativeTarget "APIGitHubCall" */;
			buildPhases = (
				FCA1BD0779E502FC4626A247 /* [CP] Check Pods Manifest.lock */,
				71685D68234D1F6B00E5EC05 /* Sources */,
				71685D69234D1F6B00E5EC05 /* Frameworks */,
				71685D6A234D1F6B00E5EC05 /* Resources */,
			);
			buildRules = (
			);
			dependencies = (
			);
			name = APIGitHubCall;
			productName = APIGitHubCall;
			productReference = 71685D6C234D1F6B00E5EC05 /* APIGitHubCall.app */;
			productType = "com.apple.product-type.application";
		};
		71D3048F2353A57E00BE88A1 /* APIGitHubCallTests */ = {
			isa = PBXNativeTarget;
			buildConfigurationList = 71D304972353A57E00BE88A1 /* Build configuration list for PBXNativeTarget "APIGitHubCallTests" */;
			buildPhases = (
				B408DFD3EE70DDBC1998E707 /* [CP] Check Pods Manifest.lock */,
				71D3048C2353A57E00BE88A1 /* Sources */,
				71D3048D2353A57E00BE88A1 /* Frameworks */,
				71D3048E2353A57E00BE88A1 /* Resources */,
				33935CA0F7659C3FBF878B5F /* [CP] Embed Pods Frameworks */,
			);
			buildRules = (
			);
			dependencies = (
				71D304962353A57E00BE88A1 /* PBXTargetDependency */,
			);
			name = APIGitHubCallTests;
			productName = APIGitHubCallTests;
			productReference = 71D304902353A57E00BE88A1 /* APIGitHubCallTests.xctest */;
			productType = "com.apple.product-type.bundle.unit-test";
		};
/* End PBXNativeTarget section */

/* Begin PBXProject section */
		71685D64234D1F6B00E5EC05 /* Project object */ = {
			isa = PBXProject;
			attributes = {
				LastSwiftUpdateCheck = 1110;
				LastUpgradeCheck = 1110;
				ORGANIZATIONNAME = "Stefan V. de Moraes";
				TargetAttributes = {
					71685D6B234D1F6B00E5EC05 = {
						CreatedOnToolsVersion = 11.1;
					};
					71D3048F2353A57E00BE88A1 = {
						CreatedOnToolsVersion = 11.1;
						TestTargetID = 71685D6B234D1F6B00E5EC05;
					};
				};
			};
			buildConfigurationList = 71685D67234D1F6B00E5EC05 /* Build configuration list for PBXProject "APIGitHubCall" */;
			compatibilityVersion = "Xcode 9.3";
			developmentRegion = en;
			hasScannedForEncodings = 0;
			knownRegions = (
				en,
				Base,
				"pt-BR",
				es,
				de,
			);
			mainGroup = 71685D63234D1F6B00E5EC05;
			productRefGroup = 71685D6D234D1F6B00E5EC05 /* Products */;
			projectDirPath = "";
			projectRoot = "";
			targets = (
				71685D6B234D1F6B00E5EC05 /* APIGitHubCall */,
				71D3048F2353A57E00BE88A1 /* APIGitHubCallTests */,
			);
		};
/* End PBXProject section */

/* Begin PBXResourcesBuildPhase section */
		71685D6A234D1F6B00E5EC05 /* Resources */ = {
			isa = PBXResourcesBuildPhase;
			buildActionMask = 2147483647;
			files = (
				71685D7C234D1F6F00E5EC05 /* LaunchScreen.storyboard in Resources */,
				71685DB8234D2E4F00E5EC05 /* Localizable.strings in Resources */,
				71685D79234D1F6F00E5EC05 /* Assets.xcassets in Resources */,
			);
			runOnlyForDeploymentPostprocessing = 0;
		};
		71D3048E2353A57E00BE88A1 /* Resources */ = {
			isa = PBXResourcesBuildPhase;
			buildActionMask = 2147483647;
			files = (
			);
			runOnlyForDeploymentPostprocessing = 0;
		};
/* End PBXResourcesBuildPhase section */

/* Begin PBXShellScriptBuildPhase section */
		33935CA0F7659C3FBF878B5F /* [CP] Embed Pods Frameworks */ = {
			isa = PBXShellScriptBuildPhase;
			buildActionMask = 2147483647;
			files = (
			);
			inputFileListPaths = (
				"${PODS_ROOT}/Target Support Files/Pods-APIGitHubCallTests/Pods-APIGitHubCallTests-frameworks-${CONFIGURATION}-input-files.xcfilelist",
			);
			name = "[CP] Embed Pods Frameworks";
			outputFileListPaths = (
				"${PODS_ROOT}/Target Support Files/Pods-APIGitHubCallTests/Pods-APIGitHubCallTests-frameworks-${CONFIGURATION}-output-files.xcfilelist",
			);
			runOnlyForDeploymentPostprocessing = 0;
			shellPath = /bin/sh;
			shellScript = "\"${PODS_ROOT}/Target Support Files/Pods-APIGitHubCallTests/Pods-APIGitHubCallTests-frameworks.sh\"\n";
			showEnvVarsInLog = 0;
		};
		B408DFD3EE70DDBC1998E707 /* [CP] Check Pods Manifest.lock */ = {
			isa = PBXShellScriptBuildPhase;
			buildActionMask = 2147483647;
			files = (
			);
			inputFileListPaths = (
			);
			inputPaths = (
				"${PODS_PODFILE_DIR_PATH}/Podfile.lock",
				"${PODS_ROOT}/Manifest.lock",
			);
			name = "[CP] Check Pods Manifest.lock";
			outputFileListPaths = (
			);
			outputPaths = (
				"$(DERIVED_FILE_DIR)/Pods-APIGitHubCallTests-checkManifestLockResult.txt",
			);
			runOnlyForDeploymentPostprocessing = 0;
			shellPath = /bin/sh;
			shellScript = "diff \"${PODS_PODFILE_DIR_PATH}/Podfile.lock\" \"${PODS_ROOT}/Manifest.lock\" > /dev/null\nif [ $? != 0 ] ; then\n    # print error to STDERR\n    echo \"error: The sandbox is not in sync with the Podfile.lock. Run 'pod install' or update your CocoaPods installation.\" >&2\n    exit 1\nfi\n# This output is used by Xcode 'outputs' to avoid re-running this script phase.\necho \"SUCCESS\" > \"${SCRIPT_OUTPUT_FILE_0}\"\n";
			showEnvVarsInLog = 0;
		};
		FCA1BD0779E502FC4626A247 /* [CP] Check Pods Manifest.lock */ = {
			isa = PBXShellScriptBuildPhase;
			buildActionMask = 2147483647;
			files = (
			);
			inputFileListPaths = (
			);
			inputPaths = (
				"${PODS_PODFILE_DIR_PATH}/Podfile.lock",
				"${PODS_ROOT}/Manifest.lock",
			);
			name = "[CP] Check Pods Manifest.lock";
			outputFileListPaths = (
			);
			outputPaths = (
				"$(DERIVED_FILE_DIR)/Pods-APIGitHubCall-checkManifestLockResult.txt",
			);
			runOnlyForDeploymentPostprocessing = 0;
			shellPath = /bin/sh;
			shellScript = "diff \"${PODS_PODFILE_DIR_PATH}/Podfile.lock\" \"${PODS_ROOT}/Manifest.lock\" > /dev/null\nif [ $? != 0 ] ; then\n    # print error to STDERR\n    echo \"error: The sandbox is not in sync with the Podfile.lock. Run 'pod install' or update your CocoaPods installation.\" >&2\n    exit 1\nfi\n# This output is used by Xcode 'outputs' to avoid re-running this script phase.\necho \"SUCCESS\" > \"${SCRIPT_OUTPUT_FILE_0}\"\n";
			showEnvVarsInLog = 0;
		};
/* End PBXShellScriptBuildPhase section */

/* Begin PBXSourcesBuildPhase section */
		71685D68234D1F6B00E5EC05 /* Sources */ = {
			isa = PBXSourcesBuildPhase;
			buildActionMask = 2147483647;
			files = (
				71685D70234D1F6B00E5EC05 /* AppDelegate.swift in Sources */,
				71685DC9234E5C9800E5EC05 /* JsonParseUtil.swift in Sources */,
				71685D9A234D206F00E5EC05 /* ReposTableViewController.swift in Sources */,
				71685DAD234D2C9800E5EC05 /* GitRepoTableViewCell.swift in Sources */,
				71685DA0234D214400E5EC05 /* Extentions.swift in Sources */,
				71685DC3234D47A500E5EC05 /* RepoCoordinator.swift in Sources */,
				71685D9D234D211700E5EC05 /* Coordinator.swift in Sources */,
				71E62369234EAAF400DEA8A9 /* Repositorie.swift in Sources */,
				71685DB6234D2DF900E5EC05 /* HomeCoordinator.swift in Sources */,
				71685DAA234D276600E5EC05 /* LocalizableConstants.swift in Sources */,
				71685DB0234D2CCD00E5EC05 /* GitButton.swift in Sources */,
				71685DC0234D39A500E5EC05 /* SceneDelegate.swift in Sources */,
				71685DA3234D215400E5EC05 /* SizeHandler.swift in Sources */,
				71685DCC234E67F000E5EC05 /* PaginableTableView.swift in Sources */,
				71685DC6234D4A4400E5EC05 /* ServiceModel.swift in Sources */,
				71685DBD234D2FBD00E5EC05 /* VisualFormat.swift in Sources */,
				71D30465235291C700BE88A1 /* RefreshingTableViewCell.swift in Sources */,
				71685D97234D205100E5EC05 /* HomeViewController.swift in Sources */,
				71685DA7234D264200E5EC05 /* ApplicationCoordinator.swift in Sources */,
			);
			runOnlyForDeploymentPostprocessing = 0;
		};
		71D3048C2353A57E00BE88A1 /* Sources */ = {
			isa = PBXSourcesBuildPhase;
			buildActionMask = 2147483647;
			files = (
				71698F2B23553ABA00885FA5 /* ReposTableViewControllerSpec.swift in Sources */,
				7153AA6123552A950074F753 /* HomeViewControllerSpec.swift in Sources */,
				71D304932353A57E00BE88A1 /* APIGitHubCallTests.swift in Sources */,
				71698F2D2355560400885FA5 /* CoordinatorSpec.swift in Sources */,
			);
			runOnlyForDeploymentPostprocessing = 0;
		};
/* End PBXSourcesBuildPhase section */

/* Begin PBXTargetDependency section */
		71D304962353A57E00BE88A1 /* PBXTargetDependency */ = {
			isa = PBXTargetDependency;
			target = 71685D6B234D1F6B00E5EC05 /* APIGitHubCall */;
			targetProxy = 71D304952353A57E00BE88A1 /* PBXContainerItemProxy */;
		};
/* End PBXTargetDependency section */

/* Begin PBXVariantGroup section */
		71685D7A234D1F6F00E5EC05 /* LaunchScreen.storyboard */ = {
			isa = PBXVariantGroup;
			children = (
				71685D7B234D1F6F00E5EC05 /* Base */,
				71D304662352A1DF00BE88A1 /* pt-BR */,
				71698F2E2356497900885FA5 /* es */,
				71698F30235650C700885FA5 /* de */,
			);
			name = LaunchScreen.storyboard;
			sourceTree = "<group>";
		};
		71685DBB234D2E4F00E5EC05 /* Localizable.strings */ = {
			isa = PBXVariantGroup;
			children = (
				71685DBA234D2E4F00E5EC05 /* en */,
				71D304672352A1DF00BE88A1 /* pt-BR */,
				71698F2F2356497900885FA5 /* es */,
				71698F31235650C700885FA5 /* de */,
			);
			name = Localizable.strings;
			sourceTree = "<group>";
		};
/* End PBXVariantGroup section */

/* Begin XCBuildConfiguration section */
		71685D89234D1F7000E5EC05 /* Debug */ = {
			isa = XCBuildConfiguration;
			buildSettings = {
				ALWAYS_SEARCH_USER_PATHS = NO;
				CLANG_ANALYZER_LOCALIZABILITY_NONLOCALIZED = YES;
				CLANG_ANALYZER_NONNULL = YES;
				CLANG_ANALYZER_NUMBER_OBJECT_CONVERSION = YES_AGGRESSIVE;
				CLANG_CXX_LANGUAGE_STANDARD = "gnu++14";
				CLANG_CXX_LIBRARY = "libc++";
				CLANG_ENABLE_MODULES = YES;
				CLANG_ENABLE_OBJC_ARC = YES;
				CLANG_ENABLE_OBJC_WEAK = YES;
				CLANG_WARN_BLOCK_CAPTURE_AUTORELEASING = YES;
				CLANG_WARN_BOOL_CONVERSION = YES;
				CLANG_WARN_COMMA = YES;
				CLANG_WARN_CONSTANT_CONVERSION = YES;
				CLANG_WARN_DEPRECATED_OBJC_IMPLEMENTATIONS = YES;
				CLANG_WARN_DIRECT_OBJC_ISA_USAGE = YES_ERROR;
				CLANG_WARN_DOCUMENTATION_COMMENTS = YES;
				CLANG_WARN_EMPTY_BODY = YES;
				CLANG_WARN_ENUM_CONVERSION = YES;
				CLANG_WARN_INFINITE_RECURSION = YES;
				CLANG_WARN_INT_CONVERSION = YES;
				CLANG_WARN_NON_LITERAL_NULL_CONVERSION = YES;
				CLANG_WARN_OBJC_IMPLICIT_RETAIN_SELF = YES;
				CLANG_WARN_OBJC_LITERAL_CONVERSION = YES;
				CLANG_WARN_OBJC_ROOT_CLASS = YES_ERROR;
				CLANG_WARN_RANGE_LOOP_ANALYSIS = YES;
				CLANG_WARN_STRICT_PROTOTYPES = YES;
				CLANG_WARN_SUSPICIOUS_MOVE = YES;
				CLANG_WARN_UNGUARDED_AVAILABILITY = YES_AGGRESSIVE;
				CLANG_WARN_UNREACHABLE_CODE = YES;
				CLANG_WARN__DUPLICATE_METHOD_MATCH = YES;
				COPY_PHASE_STRIP = NO;
				DEBUG_INFORMATION_FORMAT = dwarf;
				ENABLE_STRICT_OBJC_MSGSEND = YES;
				ENABLE_TESTABILITY = YES;
				GCC_C_LANGUAGE_STANDARD = gnu11;
				GCC_DYNAMIC_NO_PIC = NO;
				GCC_NO_COMMON_BLOCKS = YES;
				GCC_OPTIMIZATION_LEVEL = 0;
				GCC_PREPROCESSOR_DEFINITIONS = (
					"DEBUG=1",
					"$(inherited)",
				);
				GCC_WARN_64_TO_32_BIT_CONVERSION = YES;
				GCC_WARN_ABOUT_RETURN_TYPE = YES_ERROR;
				GCC_WARN_UNDECLARED_SELECTOR = YES;
				GCC_WARN_UNINITIALIZED_AUTOS = YES_AGGRESSIVE;
				GCC_WARN_UNUSED_FUNCTION = YES;
				GCC_WARN_UNUSED_VARIABLE = YES;
				IPHONEOS_DEPLOYMENT_TARGET = 11.0;
				MTL_ENABLE_DEBUG_INFO = INCLUDE_SOURCE;
				MTL_FAST_MATH = YES;
				ONLY_ACTIVE_ARCH = YES;
				SDKROOT = iphoneos;
				SWIFT_ACTIVE_COMPILATION_CONDITIONS = DEBUG;
				SWIFT_OPTIMIZATION_LEVEL = "-Onone";
			};
			name = Debug;
		};
		71685D8A234D1F7000E5EC05 /* Release */ = {
			isa = XCBuildConfiguration;
			buildSettings = {
				ALWAYS_SEARCH_USER_PATHS = NO;
				CLANG_ANALYZER_LOCALIZABILITY_NONLOCALIZED = YES;
				CLANG_ANALYZER_NONNULL = YES;
				CLANG_ANALYZER_NUMBER_OBJECT_CONVERSION = YES_AGGRESSIVE;
				CLANG_CXX_LANGUAGE_STANDARD = "gnu++14";
				CLANG_CXX_LIBRARY = "libc++";
				CLANG_ENABLE_MODULES = YES;
				CLANG_ENABLE_OBJC_ARC = YES;
				CLANG_ENABLE_OBJC_WEAK = YES;
				CLANG_WARN_BLOCK_CAPTURE_AUTORELEASING = YES;
				CLANG_WARN_BOOL_CONVERSION = YES;
				CLANG_WARN_COMMA = YES;
				CLANG_WARN_CONSTANT_CONVERSION = YES;
				CLANG_WARN_DEPRECATED_OBJC_IMPLEMENTATIONS = YES;
				CLANG_WARN_DIRECT_OBJC_ISA_USAGE = YES_ERROR;
				CLANG_WARN_DOCUMENTATION_COMMENTS = YES;
				CLANG_WARN_EMPTY_BODY = YES;
				CLANG_WARN_ENUM_CONVERSION = YES;
				CLANG_WARN_INFINITE_RECURSION = YES;
				CLANG_WARN_INT_CONVERSION = YES;
				CLANG_WARN_NON_LITERAL_NULL_CONVERSION = YES;
				CLANG_WARN_OBJC_IMPLICIT_RETAIN_SELF = YES;
				CLANG_WARN_OBJC_LITERAL_CONVERSION = YES;
				CLANG_WARN_OBJC_ROOT_CLASS = YES_ERROR;
				CLANG_WARN_RANGE_LOOP_ANALYSIS = YES;
				CLANG_WARN_STRICT_PROTOTYPES = YES;
				CLANG_WARN_SUSPICIOUS_MOVE = YES;
				CLANG_WARN_UNGUARDED_AVAILABILITY = YES_AGGRESSIVE;
				CLANG_WARN_UNREACHABLE_CODE = YES;
				CLANG_WARN__DUPLICATE_METHOD_MATCH = YES;
				COPY_PHASE_STRIP = NO;
				DEBUG_INFORMATION_FORMAT = "dwarf-with-dsym";
				ENABLE_NS_ASSERTIONS = NO;
				ENABLE_STRICT_OBJC_MSGSEND = YES;
				GCC_C_LANGUAGE_STANDARD = gnu11;
				GCC_NO_COMMON_BLOCKS = YES;
				GCC_WARN_64_TO_32_BIT_CONVERSION = YES;
				GCC_WARN_ABOUT_RETURN_TYPE = YES_ERROR;
				GCC_WARN_UNDECLARED_SELECTOR = YES;
				GCC_WARN_UNINITIALIZED_AUTOS = YES_AGGRESSIVE;
				GCC_WARN_UNUSED_FUNCTION = YES;
				GCC_WARN_UNUSED_VARIABLE = YES;
				IPHONEOS_DEPLOYMENT_TARGET = 11.0;
				MTL_ENABLE_DEBUG_INFO = NO;
				MTL_FAST_MATH = YES;
				SDKROOT = iphoneos;
				SWIFT_COMPILATION_MODE = wholemodule;
				SWIFT_OPTIMIZATION_LEVEL = "-O";
				VALIDATE_PRODUCT = YES;
			};
			name = Release;
		};
		71685D8C234D1F7000E5EC05 /* Debug */ = {
			isa = XCBuildConfiguration;
			baseConfigurationReference = F0C6C9CB9004262B95CFCE29 /* Pods-APIGitHubCall.debug.xcconfig */;
			buildSettings = {
				ASSETCATALOG_COMPILER_APPICON_NAME = AppIcon;
				CODE_SIGN_STYLE = Automatic;
				DEVELOPMENT_TEAM = CUPVNHUL72;
				INFOPLIST_FILE = APIGitHubCall/Info.plist;
				LD_RUNPATH_SEARCH_PATHS = (
					"$(inherited)",
					"@executable_path/Frameworks",
				);
				PRODUCT_BUNDLE_IDENTIFIER = com.stefan.APIGitHubCall;
				PRODUCT_NAME = "$(TARGET_NAME)";
				SWIFT_VERSION = 5.0;
				TARGETED_DEVICE_FAMILY = 1;
			};
			name = Debug;
		};
		71685D8D234D1F7000E5EC05 /* Release */ = {
			isa = XCBuildConfiguration;
			baseConfigurationReference = EBBC46430E79C7A2A7B057BC /* Pods-APIGitHubCall.release.xcconfig */;
			buildSettings = {
				ASSETCATALOG_COMPILER_APPICON_NAME = AppIcon;
				CODE_SIGN_STYLE = Automatic;
				DEVELOPMENT_TEAM = CUPVNHUL72;
				INFOPLIST_FILE = APIGitHubCall/Info.plist;
				LD_RUNPATH_SEARCH_PATHS = (
					"$(inherited)",
					"@executable_path/Frameworks",
				);
				PRODUCT_BUNDLE_IDENTIFIER = com.stefan.APIGitHubCall;
				PRODUCT_NAME = "$(TARGET_NAME)";
				SWIFT_VERSION = 5.0;
				TARGETED_DEVICE_FAMILY = 1;
			};
			name = Release;
		};
		71D304982353A57E00BE88A1 /* Debug */ = {
			isa = XCBuildConfiguration;
			baseConfigurationReference = E02DCAA81BED7F12748BB898 /* Pods-APIGitHubCallTests.debug.xcconfig */;
			buildSettings = {
				BUNDLE_LOADER = "$(TEST_HOST)";
				CODE_SIGN_STYLE = Automatic;
				DEVELOPMENT_TEAM = CUPVNHUL72;
				INFOPLIST_FILE = APIGitHubCallTests/Info.plist;
				IPHONEOS_DEPLOYMENT_TARGET = 13.1;
				LD_RUNPATH_SEARCH_PATHS = (
					"$(inherited)",
					"@executable_path/Frameworks",
					"@loader_path/Frameworks",
				);
				PRODUCT_BUNDLE_IDENTIFIER = com.stefan.APIGitHubCallTests;
				PRODUCT_NAME = "$(TARGET_NAME)";
				SWIFT_VERSION = 5.0;
				TARGETED_DEVICE_FAMILY = "1,2";
				TEST_HOST = "$(BUILT_PRODUCTS_DIR)/APIGitHubCall.app/APIGitHubCall";
			};
			name = Debug;
		};
		71D304992353A57E00BE88A1 /* Release */ = {
			isa = XCBuildConfiguration;
			baseConfigurationReference = D467B8A6C23A91A0F3D5D39E /* Pods-APIGitHubCallTests.release.xcconfig */;
			buildSettings = {
				BUNDLE_LOADER = "$(TEST_HOST)";
				CODE_SIGN_STYLE = Automatic;
				DEVELOPMENT_TEAM = CUPVNHUL72;
				INFOPLIST_FILE = APIGitHubCallTests/Info.plist;
				IPHONEOS_DEPLOYMENT_TARGET = 13.1;
				LD_RUNPATH_SEARCH_PATHS = (
					"$(inherited)",
					"@executable_path/Frameworks",
					"@loader_path/Frameworks",
				);
				PRODUCT_BUNDLE_IDENTIFIER = com.stefan.APIGitHubCallTests;
				PRODUCT_NAME = "$(TARGET_NAME)";
				SWIFT_VERSION = 5.0;
				TARGETED_DEVICE_FAMILY = "1,2";
				TEST_HOST = "$(BUILT_PRODUCTS_DIR)/APIGitHubCall.app/APIGitHubCall";
			};
			name = Release;
		};
/* End XCBuildConfiguration section */

/* Begin XCConfigurationList section */
		71685D67234D1F6B00E5EC05 /* Build configuration list for PBXProject "APIGitHubCall" */ = {
			isa = XCConfigurationList;
			buildConfigurations = (
				71685D89234D1F7000E5EC05 /* Debug */,
				71685D8A234D1F7000E5EC05 /* Release */,
			);
			defaultConfigurationIsVisible = 0;
			defaultConfigurationName = Release;
		};
		71685D8B234D1F7000E5EC05 /* Build configuration list for PBXNativeTarget "APIGitHubCall" */ = {
			isa = XCConfigurationList;
			buildConfigurations = (
				71685D8C234D1F7000E5EC05 /* Debug */,
				71685D8D234D1F7000E5EC05 /* Release */,
			);
			defaultConfigurationIsVisible = 0;
			defaultConfigurationName = Release;
		};
		71D304972353A57E00BE88A1 /* Build configuration list for PBXNativeTarget "APIGitHubCallTests" */ = {
			isa = XCConfigurationList;
			buildConfigurations = (
				71D304982353A57E00BE88A1 /* Debug */,
				71D304992353A57E00BE88A1 /* Release */,
			);
			defaultConfigurationIsVisible = 0;
			defaultConfigurationName = Release;
		};
/* End XCConfigurationList section */
	};
	rootObject = 71685D64234D1F6B00E5EC05 /* Project object */;
}
